
Microsoft Visual Studio Solution File, Format Version 12.00
# Visual Studio Version 17
VisualStudioVersion = 17.8.34322.80
MinimumVisualStudioVersion = 10.0.40219.1
Project("{2150E333-8FDC-42A3-9474-1A3956D46DE8}") = "Services", "Services", "{780D3D7F-F58F-4C99-AF8E-E66DBFA1D038}"
EndProject
Project("{2150E333-8FDC-42A3-9474-1A3956D46DE8}") = "Catalog", "Catalog", "{94CB0B3B-8A22-49BF-86ED-0E420EA7EF66}"
EndProject
Project("{9A19103F-16F7-4668-BE54-9A1E7A4F7556}") = "MultiShop.Catalog", "Services\Catalog\MultiShop.Catalog\MultiShop.Catalog.csproj", "{42AFFE13-3E11-4C91-BB43-E1AA1FA87212}"
EndProject
Project("{2150E333-8FDC-42A3-9474-1A3956D46DE8}") = "Discount", "Discount", "{BF19CD2A-C389-41BF-A61E-6B404B0C252E}"
EndProject
Project("{9A19103F-16F7-4668-BE54-9A1E7A4F7556}") = "MultiShop.Discount", "Services\Discount\MultiShop.Discount\MultiShop.Discount.csproj", "{70BB90B2-261E-4221-82D3-BDF5175B3040}"
EndProject
Project("{2150E333-8FDC-42A3-9474-1A3956D46DE8}") = "Order", "Order", "{DE41861B-CBC1-4BF6-AFC8-E04B64A2A10E}"
EndProject
Project("{2150E333-8FDC-42A3-9474-1A3956D46DE8}") = "Core", "Core", "{4B6CACBF-07DA-471E-B6EC-3355FF467BB5}"
EndProject
Project("{2150E333-8FDC-42A3-9474-1A3956D46DE8}") = "Infrastructure", "Infrastructure", "{F73EC470-673E-4951-ABA5-E0D71416A84D}"
EndProject
Project("{2150E333-8FDC-42A3-9474-1A3956D46DE8}") = "Presentation", "Presentation", "{ED7DFECD-02BA-4B03-BEA5-F773D2EEDB69}"
EndProject
Project("{9A19103F-16F7-4668-BE54-9A1E7A4F7556}") = "MultiShop.Order.Domain", "Services\Order\Core\MultiShop.Order.Domain\MultiShop.Order.Domain.csproj", "{EBDF8858-75B9-4DE9-B721-CED21F1956C1}"
EndProject
Project("{9A19103F-16F7-4668-BE54-9A1E7A4F7556}") = "MultiShop.Order.Application", "Services\Order\Core\MultiShop.Order.Application\MultiShop.Order.Application.csproj", "{A073F09E-E18D-40A5-A73F-04AC7445DA7E}"
EndProject
Project("{9A19103F-16F7-4668-BE54-9A1E7A4F7556}") = "MultiShop.Order.Persistence", "Services\Order\Infrastructure\MultiShop.Order.Persistence\MultiShop.Order.Persistence.csproj", "{F0B57B64-C911-433F-A13F-4CCC8989443F}"
EndProject
Project("{9A19103F-16F7-4668-BE54-9A1E7A4F7556}") = "MultiShop.Order.WebApi", "Services\Order\Presentation\MultiShop.Order.WebApi\MultiShop.Order.WebApi.csproj", "{9C6C02C1-74D2-447E-B1FA-DF2D51747F1F}"
EndProject
Project("{2150E333-8FDC-42A3-9474-1A3956D46DE8}") = "IdentityServer", "IdentityServer", "{75F570C1-2802-4C26-A6F7-346D1CDF7DB6}"
EndProject
Project("{9A19103F-16F7-4668-BE54-9A1E7A4F7556}") = "MultiShop.IdentityServer", "IdentityServer\MultiShop.IdentityServer\MultiShop.IdentityServer.csproj", "{FD9327D6-6E00-4E08-9771-ABDFEA6EA191}"
EndProject
Project("{2150E333-8FDC-42A3-9474-1A3956D46DE8}") = "Requirements", "Requirements", "{FA954F98-EE3A-409F-82F7-24D7CA1FBCD1}"
	ProjectSection(SolutionItems) = preProject
		IdentityServerVersionErrorSolution.txt = IdentityServerVersionErrorSolution.txt
		PortainerCmd.txt = PortainerCmd.txt
		PortNumbers.txt = PortNumbers.txt
	EndProjectSection
EndProject
Project("{2150E333-8FDC-42A3-9474-1A3956D46DE8}") = "Cargo", "Cargo", "{9143C0B4-1690-4EF7-AD8C-DEFDC0B64712}"
EndProject
Project("{9A19103F-16F7-4668-BE54-9A1E7A4F7556}") = "MultiShop.Cargo.EntityLayer", "Services\Cargo\MultiShop.Cargo.EntityLayer\MultiShop.Cargo.EntityLayer.csproj", "{2DEE6207-487C-47BE-9FF6-035BD7FE3851}"
EndProject
Project("{9A19103F-16F7-4668-BE54-9A1E7A4F7556}") = "MultiShop.Cargo.BusinessLayer", "Services\Cargo\MultiShop.Cargo.BusinessLayer\MultiShop.Cargo.BusinessLayer.csproj", "{41A1345B-8DE0-41F2-8A0E-AF2DD5CD8CCE}"
EndProject
Project("{9A19103F-16F7-4668-BE54-9A1E7A4F7556}") = "MultiShop.Cargo.DataAccessLayer", "Services\Cargo\MultiShop.Cargo.DataAccessLayer\MultiShop.Cargo.DataAccessLayer.csproj", "{9432F714-6368-4BD3-B5F8-EB279EC18484}"
EndProject
Project("{9A19103F-16F7-4668-BE54-9A1E7A4F7556}") = "MultiShop.Cargo.DtoLayer", "Services\Cargo\MultiShop.Cargo.DtoLayer\MultiShop.Cargo.DtoLayer.csproj", "{B68842C5-BF93-483A-BCA5-476021C2294A}"
EndProject
Project("{9A19103F-16F7-4668-BE54-9A1E7A4F7556}") = "MultiShop.Cargo.WebApi", "Services\Cargo\MultiShop.Cargo.WebApi\MultiShop.Cargo.WebApi.csproj", "{8FD3C003-4E6D-44CE-A02C-1AAFE41AEC21}"
EndProject
Project("{2150E333-8FDC-42A3-9474-1A3956D46DE8}") = "Basket", "Basket", "{564C3079-5B13-4C01-9C4C-8F87A10AE463}"
EndProject
Project("{FAE04EC0-301F-11D3-BF4B-00C04F79EFBC}") = "MultiShop.Basket", "Services\Basket\MultiShop.Basket\MultiShop.Basket.csproj", "{E72A1C98-B87C-4ECF-97D5-AC15974C0CC1}"
EndProject
Global
	GlobalSection(SolutionConfigurationPlatforms) = preSolution
		Debug|Any CPU = Debug|Any CPU
		Release|Any CPU = Release|Any CPU
	EndGlobalSection
	GlobalSection(ProjectConfigurationPlatforms) = postSolution
		{42AFFE13-3E11-4C91-BB43-E1AA1FA87212}.Debug|Any CPU.ActiveCfg = Debug|Any CPU
		{42AFFE13-3E11-4C91-BB43-E1AA1FA87212}.Debug|Any CPU.Build.0 = Debug|Any CPU
		{42AFFE13-3E11-4C91-BB43-E1AA1FA87212}.Release|Any CPU.ActiveCfg = Release|Any CPU
		{42AFFE13-3E11-4C91-BB43-E1AA1FA87212}.Release|Any CPU.Build.0 = Release|Any CPU
		{70BB90B2-261E-4221-82D3-BDF5175B3040}.Debug|Any CPU.ActiveCfg = Debug|Any CPU
		{70BB90B2-261E-4221-82D3-BDF5175B3040}.Debug|Any CPU.Build.0 = Debug|Any CPU
		{70BB90B2-261E-4221-82D3-BDF5175B3040}.Release|Any CPU.ActiveCfg = Release|Any CPU
		{70BB90B2-261E-4221-82D3-BDF5175B3040}.Release|Any CPU.Build.0 = Release|Any CPU
		{EBDF8858-75B9-4DE9-B721-CED21F1956C1}.Debug|Any CPU.ActiveCfg = Debug|Any CPU
		{EBDF8858-75B9-4DE9-B721-CED21F1956C1}.Debug|Any CPU.Build.0 = Debug|Any CPU
		{EBDF8858-75B9-4DE9-B721-CED21F1956C1}.Release|Any CPU.ActiveCfg = Release|Any CPU
		{EBDF8858-75B9-4DE9-B721-CED21F1956C1}.Release|Any CPU.Build.0 = Release|Any CPU
		{A073F09E-E18D-40A5-A73F-04AC7445DA7E}.Debug|Any CPU.ActiveCfg = Debug|Any CPU
		{A073F09E-E18D-40A5-A73F-04AC7445DA7E}.Debug|Any CPU.Build.0 = Debug|Any CPU
		{A073F09E-E18D-40A5-A73F-04AC7445DA7E}.Release|Any CPU.ActiveCfg = Release|Any CPU
		{A073F09E-E18D-40A5-A73F-04AC7445DA7E}.Release|Any CPU.Build.0 = Release|Any CPU
		{F0B57B64-C911-433F-A13F-4CCC8989443F}.Debug|Any CPU.ActiveCfg = Debug|Any CPU
		{F0B57B64-C911-433F-A13F-4CCC8989443F}.Debug|Any CPU.Build.0 = Debug|Any CPU
		{F0B57B64-C911-433F-A13F-4CCC8989443F}.Release|Any CPU.ActiveCfg = Release|Any CPU
		{F0B57B64-C911-433F-A13F-4CCC8989443F}.Release|Any CPU.Build.0 = Release|Any CPU
		{9C6C02C1-74D2-447E-B1FA-DF2D51747F1F}.Debug|Any CPU.ActiveCfg = Debug|Any CPU
		{9C6C02C1-74D2-447E-B1FA-DF2D51747F1F}.Debug|Any CPU.Build.0 = Debug|Any CPU
		{9C6C02C1-74D2-447E-B1FA-DF2D51747F1F}.Release|Any CPU.ActiveCfg = Release|Any CPU
		{9C6C02C1-74D2-447E-B1FA-DF2D51747F1F}.Release|Any CPU.Build.0 = Release|Any CPU
		{FD9327D6-6E00-4E08-9771-ABDFEA6EA191}.Debug|Any CPU.ActiveCfg = Debug|Any CPU
		{FD9327D6-6E00-4E08-9771-ABDFEA6EA191}.Debug|Any CPU.Build.0 = Debug|Any CPU
		{FD9327D6-6E00-4E08-9771-ABDFEA6EA191}.Release|Any CPU.ActiveCfg = Release|Any CPU
		{FD9327D6-6E00-4E08-9771-ABDFEA6EA191}.Release|Any CPU.Build.0 = Release|Any CPU
		{2DEE6207-487C-47BE-9FF6-035BD7FE3851}.Debug|Any CPU.ActiveCfg = Debug|Any CPU
		{2DEE6207-487C-47BE-9FF6-035BD7FE3851}.Debug|Any CPU.Build.0 = Debug|Any CPU
		{2DEE6207-487C-47BE-9FF6-035BD7FE3851}.Release|Any CPU.ActiveCfg = Release|Any CPU
		{2DEE6207-487C-47BE-9FF6-035BD7FE3851}.Release|Any CPU.Build.0 = Release|Any CPU
		{41A1345B-8DE0-41F2-8A0E-AF2DD5CD8CCE}.Debug|Any CPU.ActiveCfg = Debug|Any CPU
		{41A1345B-8DE0-41F2-8A0E-AF2DD5CD8CCE}.Debug|Any CPU.Build.0 = Debug|Any CPU
		{41A1345B-8DE0-41F2-8A0E-AF2DD5CD8CCE}.Release|Any CPU.ActiveCfg = Release|Any CPU
		{41A1345B-8DE0-41F2-8A0E-AF2DD5CD8CCE}.Release|Any CPU.Build.0 = Release|Any CPU
		{9432F714-6368-4BD3-B5F8-EB279EC18484}.Debug|Any CPU.ActiveCfg = Debug|Any CPU
		{9432F714-6368-4BD3-B5F8-EB279EC18484}.Debug|Any CPU.Build.0 = Debug|Any CPU
		{9432F714-6368-4BD3-B5F8-EB279EC18484}.Release|Any CPU.ActiveCfg = Release|Any CPU
		{9432F714-6368-4BD3-B5F8-EB279EC18484}.Release|Any CPU.Build.0 = Release|Any CPU
		{B68842C5-BF93-483A-BCA5-476021C2294A}.Debug|Any CPU.ActiveCfg = Debug|Any CPU
		{B68842C5-BF93-483A-BCA5-476021C2294A}.Debug|Any CPU.Build.0 = Debug|Any CPU
		{B68842C5-BF93-483A-BCA5-476021C2294A}.Release|Any CPU.ActiveCfg = Release|Any CPU
		{B68842C5-BF93-483A-BCA5-476021C2294A}.Release|Any CPU.Build.0 = Release|Any CPU
		{8FD3C003-4E6D-44CE-A02C-1AAFE41AEC21}.Debug|Any CPU.ActiveCfg = Debug|Any CPU
		{8FD3C003-4E6D-44CE-A02C-1AAFE41AEC21}.Debug|Any CPU.Build.0 = Debug|Any CPU
		{8FD3C003-4E6D-44CE-A02C-1AAFE41AEC21}.Release|Any CPU.ActiveCfg = Release|Any CPU
		{8FD3C003-4E6D-44CE-A02C-1AAFE41AEC21}.Release|Any CPU.Build.0 = Release|Any CPU
		{E72A1C98-B87C-4ECF-97D5-AC15974C0CC1}.Debug|Any CPU.ActiveCfg = Debug|Any CPU
		{E72A1C98-B87C-4ECF-97D5-AC15974C0CC1}.Debug|Any CPU.Build.0 = Debug|Any CPU
		{E72A1C98-B87C-4ECF-97D5-AC15974C0CC1}.Release|Any CPU.ActiveCfg = Release|Any CPU
		{E72A1C98-B87C-4ECF-97D5-AC15974C0CC1}.Release|Any CPU.Build.0 = Release|Any CPU
	EndGlobalSection
	GlobalSection(SolutionProperties) = preSolution
		HideSolutionNode = FALSE
	EndGlobalSection
	GlobalSection(NestedProjects) = preSolution
		{94CB0B3B-8A22-49BF-86ED-0E420EA7EF66} = {780D3D7F-F58F-4C99-AF8E-E66DBFA1D038}
		{42AFFE13-3E11-4C91-BB43-E1AA1FA87212} = {94CB0B3B-8A22-49BF-86ED-0E420EA7EF66}
		{BF19CD2A-C389-41BF-A61E-6B404B0C252E} = {780D3D7F-F58F-4C99-AF8E-E66DBFA1D038}
		{70BB90B2-261E-4221-82D3-BDF5175B3040} = {BF19CD2A-C389-41BF-A61E-6B404B0C252E}
		{DE41861B-CBC1-4BF6-AFC8-E04B64A2A10E} = {780D3D7F-F58F-4C99-AF8E-E66DBFA1D038}
		{4B6CACBF-07DA-471E-B6EC-3355FF467BB5} = {DE41861B-CBC1-4BF6-AFC8-E04B64A2A10E}
		{F73EC470-673E-4951-ABA5-E0D71416A84D} = {DE41861B-CBC1-4BF6-AFC8-E04B64A2A10E}
		{ED7DFECD-02BA-4B03-BEA5-F773D2EEDB69} = {DE41861B-CBC1-4BF6-AFC8-E04B64A2A10E}
		{EBDF8858-75B9-4DE9-B721-CED21F1956C1} = {4B6CACBF-07DA-471E-B6EC-3355FF467BB5}
		{A073F09E-E18D-40A5-A73F-04AC7445DA7E} = {4B6CACBF-07DA-471E-B6EC-3355FF467BB5}
		{F0B57B64-C911-433F-A13F-4CCC8989443F} = {F73EC470-673E-4951-ABA5-E0D71416A84D}
		{9C6C02C1-74D2-447E-B1FA-DF2D51747F1F} = {ED7DFECD-02BA-4B03-BEA5-F773D2EEDB69}
		{FD9327D6-6E00-4E08-9771-ABDFEA6EA191} = {75F570C1-2802-4C26-A6F7-346D1CDF7DB6}
		{9143C0B4-1690-4EF7-AD8C-DEFDC0B64712} = {780D3D7F-F58F-4C99-AF8E-E66DBFA1D038}
		{2DEE6207-487C-47BE-9FF6-035BD7FE3851} = {9143C0B4-1690-4EF7-AD8C-DEFDC0B64712}
		{41A1345B-8DE0-41F2-8A0E-AF2DD5CD8CCE} = {9143C0B4-1690-4EF7-AD8C-DEFDC0B64712}
		{9432F714-6368-4BD3-B5F8-EB279EC18484} = {9143C0B4-1690-4EF7-AD8C-DEFDC0B64712}
		{B68842C5-BF93-483A-BCA5-476021C2294A} = {9143C0B4-1690-4EF7-AD8C-DEFDC0B64712}
		{8FD3C003-4E6D-44CE-A02C-1AAFE41AEC21} = {9143C0B4-1690-4EF7-AD8C-DEFDC0B64712}
		{564C3079-5B13-4C01-9C4C-8F87A10AE463} = {780D3D7F-F58F-4C99-AF8E-E66DBFA1D038}
		{E72A1C98-B87C-4ECF-97D5-AC15974C0CC1} = {564C3079-5B13-4C01-9C4C-8F87A10AE463}
	EndGlobalSection
	GlobalSection(ExtensibilityGlobals) = postSolution
		SolutionGuid = {BA020896-99AB-4733-ABC3-C91075A32965}
	EndGlobalSection
EndGlobal
